
Microsoft Visual Studio Solution File, Format Version 12.00
# Visual Studio Version 17
VisualStudioVersion = 17.14.36623.8 d17.14
MinimumVisualStudioVersion = 10.0.40219.1
Project("{FAE04EC0-301F-11D3-BF4B-00C04F79EFBC}") = "BasketSim.Core", "BasketSim.Core\BasketSim.Core.csproj", "{FABD3364-A158-4BA6-B079-80DDAAC45BAF}"
EndProject
Project("{FAE04EC0-301F-11D3-BF4B-00C04F79EFBC}") = "BasketSim.Console", "BasketSim.Console\BasketSim.Console.csproj", "{B8440565-31A9-4F77-ABCC-F088BA86C25A}"
EndProject
Project("{FAE04EC0-301F-11D3-BF4B-00C04F79EFBC}") = "BasketSim.Tests", "BasketSim.Tests\BasketSim.Tests.csproj", "{14C2FCA5-28F9-4B77-BC7B-A5996961E08E}"
EndProject
Global
	GlobalSection(SolutionConfigurationPlatforms) = preSolution
		Debug|Any CPU = Debug|Any CPU
		Release|Any CPU = Release|Any CPU
	EndGlobalSection
	GlobalSection(ProjectConfigurationPlatforms) = postSolution
		{FABD3364-A158-4BA6-B079-80DDAAC45BAF}.Debug|Any CPU.ActiveCfg = Debug|Any CPU
		{FABD3364-A158-4BA6-B079-80DDAAC45BAF}.Debug|Any CPU.Build.0 = Debug|Any CPU
		{FABD3364-A158-4BA6-B079-80DDAAC45BAF}.Release|Any CPU.ActiveCfg = Release|Any CPU
		{FABD3364-A158-4BA6-B079-80DDAAC45BAF}.Release|Any CPU.Build.0 = Release|Any CPU
		{B8440565-31A9-4F77-ABCC-F088BA86C25A}.Debug|Any CPU.ActiveCfg = Debug|Any CPU
		{B8440565-31A9-4F77-ABCC-F088BA86C25A}.Debug|Any CPU.Build.0 = Debug|Any CPU
		{B8440565-31A9-4F77-ABCC-F088BA86C25A}.Release|Any CPU.ActiveCfg = Release|Any CPU
		{B8440565-31A9-4F77-ABCC-F088BA86C25A}.Release|Any CPU.Build.0 = Release|Any CPU
		{14C2FCA5-28F9-4B77-BC7B-A5996961E08E}.Debug|Any CPU.ActiveCfg = Debug|Any CPU
		{14C2FCA5-28F9-4B77-BC7B-A5996961E08E}.Debug|Any CPU.Build.0 = Debug|Any CPU
		{14C2FCA5-28F9-4B77-BC7B-A5996961E08E}.Release|Any CPU.ActiveCfg = Release|Any CPU
		{14C2FCA5-28F9-4B77-BC7B-A5996961E08E}.Release|Any CPU.Build.0 = Release|Any CPU
	EndGlobalSection
	GlobalSection(SolutionProperties) = preSolution
		HideSolutionNode = FALSE
	EndGlobalSection
	GlobalSection(ExtensibilityGlobals) = postSolution
		SolutionGuid = {0F19D557-8B97-417B-BE7B-B0B47D748902}
	EndGlobalSection
EndGlobal
