
Microsoft Visual Studio Solution File, Format Version 12.00
# Visual Studio Version 17
VisualStudioVersion = 17.14.36623.8
MinimumVisualStudioVersion = 10.0.40219.1
Project("{FAE04EC0-301F-11D3-BF4B-00C04F79EFBC}") = "BasketSim.Core", "BasketSim.Core\BasketSim.Core.csproj", "{874C8DD9-041D-4D1B-9C48-FE44DE9F5EF9}"
EndProject
Project("{FAE04EC0-301F-11D3-BF4B-00C04F79EFBC}") = "BasketSim.Console", "BasketSim.Console\BasketSim.Console.csproj", "{6BC57327-2DE3-421E-8B2C-749580AF2A9D}"
EndProject
Project("{FAE04EC0-301F-11D3-BF4B-00C04F79EFBC}") = "BasketSim.Tests", "TestProject\BasketSim.Tests.csproj", "{CDE7F547-95B0-4FC3-9CB2-06DEDB793228}"
EndProject
Global
	GlobalSection(SolutionConfigurationPlatforms) = preSolution
		Debug|Any CPU = Debug|Any CPU
		Release|Any CPU = Release|Any CPU
	EndGlobalSection
	GlobalSection(ProjectConfigurationPlatforms) = postSolution
		{874C8DD9-041D-4D1B-9C48-FE44DE9F5EF9}.Debug|Any CPU.ActiveCfg = Debug|Any CPU
		{874C8DD9-041D-4D1B-9C48-FE44DE9F5EF9}.Debug|Any CPU.Build.0 = Debug|Any CPU
		{874C8DD9-041D-4D1B-9C48-FE44DE9F5EF9}.Release|Any CPU.ActiveCfg = Release|Any CPU
		{874C8DD9-041D-4D1B-9C48-FE44DE9F5EF9}.Release|Any CPU.Build.0 = Release|Any CPU
		{6BC57327-2DE3-421E-8B2C-749580AF2A9D}.Debug|Any CPU.ActiveCfg = Debug|Any CPU
		{6BC57327-2DE3-421E-8B2C-749580AF2A9D}.Debug|Any CPU.Build.0 = Debug|Any CPU
		{6BC57327-2DE3-421E-8B2C-749580AF2A9D}.Release|Any CPU.ActiveCfg = Release|Any CPU
		{6BC57327-2DE3-421E-8B2C-749580AF2A9D}.Release|Any CPU.Build.0 = Release|Any CPU
		{CDE7F547-95B0-4FC3-9CB2-06DEDB793228}.Debug|Any CPU.ActiveCfg = Debug|Any CPU
		{CDE7F547-95B0-4FC3-9CB2-06DEDB793228}.Debug|Any CPU.Build.0 = Debug|Any CPU
		{CDE7F547-95B0-4FC3-9CB2-06DEDB793228}.Release|Any CPU.ActiveCfg = Release|Any CPU
		{CDE7F547-95B0-4FC3-9CB2-06DEDB793228}.Release|Any CPU.Build.0 = Release|Any CPU
	EndGlobalSection
	GlobalSection(SolutionProperties) = preSolution
		HideSolutionNode = FALSE
	EndGlobalSection
	GlobalSection(ExtensibilityGlobals) = postSolution
		SolutionGuid = {0F19D557-8B97-417B-BE7B-B0B47D748902}
	EndGlobalSection
EndGlobal
